
Microsoft Visual Studio Solution File, Format Version 12.00
# Visual Studio 15
VisualStudioVersion = 15.0.28307.1062
MinimumVisualStudioVersion = 10.0.40219.1
Project("{FAE04EC0-301F-11D3-BF4B-00C04F79EFBC}") = "MaximumGeneric", "MaximumGeneric\MaximumGeneric.csproj", "{6C9C21AA-3CE3-4D0D-8D9B-9AB524B323C3}"
EndProject
Project("{FAE04EC0-301F-11D3-BF4B-00C04F79EFBC}") = "GenericTest", "GenericTest\GenericTest.csproj", "{242D269E-9B85-4C41-8FF7-CD8F41D1AB52}"
EndProject
Global
	GlobalSection(SolutionConfigurationPlatforms) = preSolution
		Debug|Any CPU = Debug|Any CPU
		Release|Any CPU = Release|Any CPU
	EndGlobalSection
	GlobalSection(ProjectConfigurationPlatforms) = postSolution
		{6C9C21AA-3CE3-4D0D-8D9B-9AB524B323C3}.Debug|Any CPU.ActiveCfg = Debug|Any CPU
		{6C9C21AA-3CE3-4D0D-8D9B-9AB524B323C3}.Debug|Any CPU.Build.0 = Debug|Any CPU
		{6C9C21AA-3CE3-4D0D-8D9B-9AB524B323C3}.Release|Any CPU.ActiveCfg = Release|Any CPU
		{6C9C21AA-3CE3-4D0D-8D9B-9AB524B323C3}.Release|Any CPU.Build.0 = Release|Any CPU
		{242D269E-9B85-4C41-8FF7-CD8F41D1AB52}.Debug|Any CPU.ActiveCfg = Debug|Any CPU
		{242D269E-9B85-4C41-8FF7-CD8F41D1AB52}.Debug|Any CPU.Build.0 = Debug|Any CPU
		{242D269E-9B85-4C41-8FF7-CD8F41D1AB52}.Release|Any CPU.ActiveCfg = Release|Any CPU
		{242D269E-9B85-4C41-8FF7-CD8F41D1AB52}.Release|Any CPU.Build.0 = Release|Any CPU
	EndGlobalSection
	GlobalSection(SolutionProperties) = preSolution
		HideSolutionNode = FALSE
	EndGlobalSection
	GlobalSection(ExtensibilityGlobals) = postSolution
		SolutionGuid = {C4702169-8417-4ACF-97C5-EF5D37745BBA}
	EndGlobalSection
EndGlobal
